{
  "name": "veya-managed-hicode-runtime",
  "lockfileVersion": 3,
  "requires": true,
  "packages": {
    "": {
      "name": "veya-managed-hicode-runtime",
      "dependencies": {
        "reasonix": "1.21.3"
      }
    },
    "node_modules/@reasonix/cli-darwin-arm64": {
      "version": "1.21.3",
      "resolved": "https://registry.npmjs.org/@reasonix/cli-darwin-arm64/-/cli-darwin-arm64-1.21.3.tgz",
      "integrity": "sha512-7co9353yV8SMzATr3cEABertPVPuM7/+IfSkOG8xtS/tHtz5+l7kGT8/59yQodBfTNK/eXtM5YggCL1GBlXSww==",
      "cpu": [
        "arm64"
      ],
      "license": "MIT",
      "optional": true,
      "os": [
        "darwin"
      ]
    },
    "node_modules/@reasonix/cli-darwin-x64": {
      "version": "1.21.3",
      "resolved": "https://registry.npmjs.org/@reasonix/cli-darwin-x64/-/cli-darwin-x64-1.21.3.tgz",
      "integrity": "sha512-rLu0Fr5jOzrW/kUSz+nz1MUZpHCevk8IOEsic+Q7/umrT8mAtWqn2qFEK5UeJG+RGdUnJGag/ZPhz8jN2ekK6Q==",
      "cpu": [
        "x64"
      ],
      "license": "MIT",
      "optional": true,
      "os": [
        "darwin"
      ]
    },
    "node_modules/@reasonix/cli-linux-arm64": {
      "version": "1.21.3",
      "resolved": "https://registry.npmjs.org/@reasonix/cli-linux-arm64/-/cli-linux-arm64-1.21.3.tgz",
      "integrity": "sha512-7JH414HXDZjFcp7JKjyNYw1GCXf3su/GKcSdwB/j7PVziuA96qLiCvDnztMwADu8ckZ9hwGqE3/HKTU1w6xfpQ==",
      "cpu": [
        "arm64"
      ],
      "license": "MIT",
      "optional": true,
      "os": [
        "linux"
      ]
    },
    "node_modules/@reasonix/cli-linux-x64": {
      "version": "1.21.3",
      "resolved": "https://registry.npmjs.org/@reasonix/cli-linux-x64/-/cli-linux-x64-1.21.3.tgz",
      "integrity": "sha512-sbOp+BzZFQ0+DUOXs/M6MbJmcuK49x748T02OeMeYAcwdfevVCnk9XFG9YdSvrgiAt12ELXvhOlAnNVlnU2ekA==",
      "cpu": [
        "x64"
      ],
      "license": "MIT",
      "optional": true,
      "os": [
        "linux"
      ]
    },
    "node_modules/@reasonix/cli-win32-arm64": {
      "version": "1.21.3",
      "resolved": "https://registry.npmjs.org/@reasonix/cli-win32-arm64/-/cli-win32-arm64-1.21.3.tgz",
      "integrity": "sha512-ck9ex3o+/7OXMCS8J8sIQJ8smYAdsAHDPs4PPHo/1p+RjBkLkkLh6lmENs0dxNN1XkFJ6bGNiRcZi7h2Yfb1zA==",
      "cpu": [
        "arm64"
      ],
      "license": "MIT",
      "optional": true,
      "os": [
        "win32"
      ]
    },
    "node_modules/@reasonix/cli-win32-x64": {
      "version": "1.21.3",
      "resolved": "https://registry.npmjs.org/@reasonix/cli-win32-x64/-/cli-win32-x64-1.21.3.tgz",
      "integrity": "sha512-5pTLIiSj/alLA+lF/lHZSsxN+3IdZSmS4Do+CnaQiSCpDvIZ9yUDuiAz6j8o++Ex9Rc/gSN4VL+Roiv/Vq+8AA==",
      "cpu": [
        "x64"
      ],
      "license": "MIT",
      "optional": true,
      "os": [
        "win32"
      ]
    },
    "node_modules/reasonix": {
      "version": "1.21.3",
      "resolved": "https://registry.npmjs.org/reasonix/-/reasonix-1.21.3.tgz",
      "integrity": "sha512-F6aZEYvH+0FT9wmuBdC6F83S2xFY2KN6uKDoyb0mKrPtKQ8kid/VDXVQizGm7RGxdHjXI4NXbdhl+ybImhX1XQ==",
      "license": "MIT",
      "bin": {
        "reasonix": "bin/reasonix.js"
      },
      "engines": {
        "node": ">=18"
      },
      "optionalDependencies": {
        "@reasonix/cli-darwin-arm64": "1.21.3",
        "@reasonix/cli-darwin-x64": "1.21.3",
        "@reasonix/cli-linux-arm64": "1.21.3",
        "@reasonix/cli-linux-x64": "1.21.3",
        "@reasonix/cli-win32-arm64": "1.21.3",
        "@reasonix/cli-win32-x64": "1.21.3"
      }
    }
  }
}
